
Microsoft Visual Studio Solution File, Format Version 12.00
# Visual Studio Version 17
VisualStudioVersion = 17.14.36518.9
MinimumVisualStudioVersion = 10.0.40219.1
Project("{FAE04EC0-301F-11D3-BF4B-00C04F79EFBC}") = "KooliProjekt.Application", "KooliProjekt.Application\KooliProjekt.Application.csproj", "{AE74289E-DE79-F788-C2DC-BADD9C633513}"
EndProject
Project("{FAE04EC0-301F-11D3-BF4B-00C04F79EFBC}") = "KooliProjekt.WebAPI", "KooliProjekt.WebAPI\KooliProjekt.WebAPI.csproj", "{5A2101DC-D650-6EBB-6EBB-3FE62A3E9647}"
EndProject
Project("{FAE04EC0-301F-11D3-BF4B-00C04F79EFBC}") = "KooliProjekt.Application.UnitTests", "KooliProjekt.Application.UnitTests\KooliProjekt.Application.UnitTests.csproj", "{023DBA03-72FC-4C5F-970C-3017A3F93D04}"
EndProject
Project("{FAE04EC0-301F-11D3-BF4B-00C04F79EFBC}") = "KooliProjekt.IntegrationTests", "KooliProjekt.IntegrationTests\KooliProjekt.IntegrationTests.csproj", "{79219EDC-4262-4C22-A7C3-D7DF967DB794}"
EndProject
Project("{FAE04EC0-301F-11D3-BF4B-00C04F79EFBC}") = "KooliProjekt.WindowsForms", "KooliProjekt.WindowsForms\KooliProjekt.WindowsForms.csproj", "{876910D6-A7BA-4390-AC5D-0479A240B305}"
EndProject
Project("{FAE04EC0-301F-11D3-BF4B-00C04F79EFBC}") = "KooliProjekt.WindowsForms.UnitTests", "KooliProjekt.WindowsForms.UnitTests\KooliProjekt.WindowsForms.UnitTests.csproj", "{983A1F35-03C6-43D6-9B3B-6667843ECE07}"
EndProject
Project("{FAE04EC0-301F-11D3-BF4B-00C04F79EFBC}") = "KooliProjekt.WpfApplication", "KooliProjekt.WpfApplication\KooliProjekt.WpfApplication.csproj", "{A8433A3B-F403-4AC1-8B54-6E22B3515231}"
EndProject
Project("{FAE04EC0-301F-11D3-BF4B-00C04F79EFBC}") = "KooliProjekt.WpfApplication.UnitTests", "KooliProjekt.WpfApplication.UnitTests\KooliProjekt.WpfApplication.UnitTests.csproj", "{E18FE859-F983-4FC5-A532-AF610B56BD9A}"
EndProject
Project("{FAE04EC0-301F-11D3-BF4B-00C04F79EFBC}") = "KooliProjekt.BlazorWasm", "KooliProjekt.BlazorWasm\KooliProjekt.BlazorWasm.csproj", "{15503FFC-7242-40E3-9B11-AA23F1A5DCDA}"
EndProject
Global
	GlobalSection(SolutionConfigurationPlatforms) = preSolution
		Debug|Any CPU = Debug|Any CPU
		Debug|x64 = Debug|x64
		Debug|x86 = Debug|x86
		Release|Any CPU = Release|Any CPU
		Release|x64 = Release|x64
		Release|x86 = Release|x86
	EndGlobalSection
	GlobalSection(ProjectConfigurationPlatforms) = postSolution
		{AE74289E-DE79-F788-C2DC-BADD9C633513}.Debug|Any CPU.ActiveCfg = Debug|Any CPU
		{AE74289E-DE79-F788-C2DC-BADD9C633513}.Debug|Any CPU.Build.0 = Debug|Any CPU
		{AE74289E-DE79-F788-C2DC-BADD9C633513}.Debug|x64.ActiveCfg = Debug|Any CPU
		{AE74289E-DE79-F788-C2DC-BADD9C633513}.Debug|x64.Build.0 = Debug|Any CPU
		{AE74289E-DE79-F788-C2DC-BADD9C633513}.Debug|x86.ActiveCfg = Debug|Any CPU
		{AE74289E-DE79-F788-C2DC-BADD9C633513}.Debug|x86.Build.0 = Debug|Any CPU
		{AE74289E-DE79-F788-C2DC-BADD9C633513}.Release|Any CPU.ActiveCfg = Release|Any CPU
		{AE74289E-DE79-F788-C2DC-BADD9C633513}.Release|Any CPU.Build.0 = Release|Any CPU
		{AE74289E-DE79-F788-C2DC-BADD9C633513}.Release|x64.ActiveCfg = Release|Any CPU
		{AE74289E-DE79-F788-C2DC-BADD9C633513}.Release|x64.Build.0 = Release|Any CPU
		{AE74289E-DE79-F788-C2DC-BADD9C633513}.Release|x86.ActiveCfg = Release|Any CPU
		{AE74289E-DE79-F788-C2DC-BADD9C633513}.Release|x86.Build.0 = Release|Any CPU
		{5A2101DC-D650-6EBB-6EBB-3FE62A3E9647}.Debug|Any CPU.ActiveCfg = Debug|Any CPU
		{5A2101DC-D650-6EBB-6EBB-3FE62A3E9647}.Debug|Any CPU.Build.0 = Debug|Any CPU
		{5A2101DC-D650-6EBB-6EBB-3FE62A3E9647}.Debug|x64.ActiveCfg = Debug|Any CPU
		{5A2101DC-D650-6EBB-6EBB-3FE62A3E9647}.Debug|x64.Build.0 = Debug|Any CPU
		{5A2101DC-D650-6EBB-6EBB-3FE62A3E9647}.Debug|x86.ActiveCfg = Debug|Any CPU
		{5A2101DC-D650-6EBB-6EBB-3FE62A3E9647}.Debug|x86.Build.0 = Debug|Any CPU
		{5A2101DC-D650-6EBB-6EBB-3FE62A3E9647}.Release|Any CPU.ActiveCfg = Release|Any CPU
		{5A2101DC-D650-6EBB-6EBB-3FE62A3E9647}.Release|Any CPU.Build.0 = Release|Any CPU
		{5A2101DC-D650-6EBB-6EBB-3FE62A3E9647}.Release|x64.ActiveCfg = Release|Any CPU
		{5A2101DC-D650-6EBB-6EBB-3FE62A3E9647}.Release|x64.Build.0 = Release|Any CPU
		{5A2101DC-D650-6EBB-6EBB-3FE62A3E9647}.Release|x86.ActiveCfg = Release|Any CPU
		{5A2101DC-D650-6EBB-6EBB-3FE62A3E9647}.Release|x86.Build.0 = Release|Any CPU
		{023DBA03-72FC-4C5F-970C-3017A3F93D04}.Debug|Any CPU.ActiveCfg = Debug|Any CPU
		{023DBA03-72FC-4C5F-970C-3017A3F93D04}.Debug|Any CPU.Build.0 = Debug|Any CPU
		{023DBA03-72FC-4C5F-970C-3017A3F93D04}.Debug|x64.ActiveCfg = Debug|Any CPU
		{023DBA03-72FC-4C5F-970C-3017A3F93D04}.Debug|x64.Build.0 = Debug|Any CPU
		{023DBA03-72FC-4C5F-970C-3017A3F93D04}.Debug|x86.ActiveCfg = Debug|Any CPU
		{023DBA03-72FC-4C5F-970C-3017A3F93D04}.Debug|x86.Build.0 = Debug|Any CPU
		{023DBA03-72FC-4C5F-970C-3017A3F93D04}.Release|Any CPU.ActiveCfg = Release|Any CPU
		{023DBA03-72FC-4C5F-970C-3017A3F93D04}.Release|Any CPU.Build.0 = Release|Any CPU
		{023DBA03-72FC-4C5F-970C-3017A3F93D04}.Release|x64.ActiveCfg = Release|Any CPU
		{023DBA03-72FC-4C5F-970C-3017A3F93D04}.Release|x64.Build.0 = Release|Any CPU
		{023DBA03-72FC-4C5F-970C-3017A3F93D04}.Release|x86.ActiveCfg = Release|Any CPU
		{023DBA03-72FC-4C5F-970C-3017A3F93D04}.Release|x86.Build.0 = Release|Any CPU
		{79219EDC-4262-4C22-A7C3-D7DF967DB794}.Debug|Any CPU.ActiveCfg = Debug|Any CPU
		{79219EDC-4262-4C22-A7C3-D7DF967DB794}.Debug|Any CPU.Build.0 = Debug|Any CPU
		{79219EDC-4262-4C22-A7C3-D7DF967DB794}.Debug|x64.ActiveCfg = Debug|Any CPU
		{79219EDC-4262-4C22-A7C3-D7DF967DB794}.Debug|x64.Build.0 = Debug|Any CPU
		{79219EDC-4262-4C22-A7C3-D7DF967DB794}.Debug|x86.ActiveCfg = Debug|Any CPU
		{79219EDC-4262-4C22-A7C3-D7DF967DB794}.Debug|x86.Build.0 = Debug|Any CPU
		{79219EDC-4262-4C22-A7C3-D7DF967DB794}.Release|Any CPU.ActiveCfg = Release|Any CPU
		{79219EDC-4262-4C22-A7C3-D7DF967DB794}.Release|Any CPU.Build.0 = Release|Any CPU
		{79219EDC-4262-4C22-A7C3-D7DF967DB794}.Release|x64.ActiveCfg = Release|Any CPU
		{79219EDC-4262-4C22-A7C3-D7DF967DB794}.Release|x64.Build.0 = Release|Any CPU
		{79219EDC-4262-4C22-A7C3-D7DF967DB794}.Release|x86.ActiveCfg = Release|Any CPU
		{79219EDC-4262-4C22-A7C3-D7DF967DB794}.Release|x86.Build.0 = Release|Any CPU
		{876910D6-A7BA-4390-AC5D-0479A240B305}.Debug|Any CPU.ActiveCfg = Debug|Any CPU
		{876910D6-A7BA-4390-AC5D-0479A240B305}.Debug|Any CPU.Build.0 = Debug|Any CPU
		{876910D6-A7BA-4390-AC5D-0479A240B305}.Debug|x64.ActiveCfg = Debug|Any CPU
		{876910D6-A7BA-4390-AC5D-0479A240B305}.Debug|x64.Build.0 = Debug|Any CPU
		{876910D6-A7BA-4390-AC5D-0479A240B305}.Debug|x86.ActiveCfg = Debug|Any CPU
		{876910D6-A7BA-4390-AC5D-0479A240B305}.Debug|x86.Build.0 = Debug|Any CPU
		{876910D6-A7BA-4390-AC5D-0479A240B305}.Release|Any CPU.ActiveCfg = Release|Any CPU
		{876910D6-A7BA-4390-AC5D-0479A240B305}.Release|Any CPU.Build.0 = Release|Any CPU
		{876910D6-A7BA-4390-AC5D-0479A240B305}.Release|x64.ActiveCfg = Release|Any CPU
		{876910D6-A7BA-4390-AC5D-0479A240B305}.Release|x64.Build.0 = Release|Any CPU
		{876910D6-A7BA-4390-AC5D-0479A240B305}.Release|x86.ActiveCfg = Release|Any CPU
		{876910D6-A7BA-4390-AC5D-0479A240B305}.Release|x86.Build.0 = Release|Any CPU
		{983A1F35-03C6-43D6-9B3B-6667843ECE07}.Debug|Any CPU.ActiveCfg = Debug|Any CPU
		{983A1F35-03C6-43D6-9B3B-6667843ECE07}.Debug|Any CPU.Build.0 = Debug|Any CPU
		{983A1F35-03C6-43D6-9B3B-6667843ECE07}.Debug|x64.ActiveCfg = Debug|Any CPU
		{983A1F35-03C6-43D6-9B3B-6667843ECE07}.Debug|x64.Build.0 = Debug|Any CPU
		{983A1F35-03C6-43D6-9B3B-6667843ECE07}.Debug|x86.ActiveCfg = Debug|Any CPU
		{983A1F35-03C6-43D6-9B3B-6667843ECE07}.Debug|x86.Build.0 = Debug|Any CPU
		{983A1F35-03C6-43D6-9B3B-6667843ECE07}.Release|Any CPU.ActiveCfg = Release|Any CPU
		{983A1F35-03C6-43D6-9B3B-6667843ECE07}.Release|Any CPU.Build.0 = Release|Any CPU
		{983A1F35-03C6-43D6-9B3B-6667843ECE07}.Release|x64.ActiveCfg = Release|Any CPU
		{983A1F35-03C6-43D6-9B3B-6667843ECE07}.Release|x64.Build.0 = Release|Any CPU
		{983A1F35-03C6-43D6-9B3B-6667843ECE07}.Release|x86.ActiveCfg = Release|Any CPU
		{983A1F35-03C6-43D6-9B3B-6667843ECE07}.Release|x86.Build.0 = Release|Any CPU
		{A8433A3B-F403-4AC1-8B54-6E22B3515231}.Debug|Any CPU.ActiveCfg = Debug|Any CPU
		{A8433A3B-F403-4AC1-8B54-6E22B3515231}.Debug|Any CPU.Build.0 = Debug|Any CPU
		{A8433A3B-F403-4AC1-8B54-6E22B3515231}.Debug|x64.ActiveCfg = Debug|Any CPU
		{A8433A3B-F403-4AC1-8B54-6E22B3515231}.Debug|x64.Build.0 = Debug|Any CPU
		{A8433A3B-F403-4AC1-8B54-6E22B3515231}.Debug|x86.ActiveCfg = Debug|Any CPU
		{A8433A3B-F403-4AC1-8B54-6E22B3515231}.Debug|x86.Build.0 = Debug|Any CPU
		{A8433A3B-F403-4AC1-8B54-6E22B3515231}.Release|Any CPU.ActiveCfg = Release|Any CPU
		{A8433A3B-F403-4AC1-8B54-6E22B3515231}.Release|Any CPU.Build.0 = Release|Any CPU
		{A8433A3B-F403-4AC1-8B54-6E22B3515231}.Release|x64.ActiveCfg = Release|Any CPU
		{A8433A3B-F403-4AC1-8B54-6E22B3515231}.Release|x64.Build.0 = Release|Any CPU
		{A8433A3B-F403-4AC1-8B54-6E22B3515231}.Release|x86.ActiveCfg = Release|Any CPU
		{A8433A3B-F403-4AC1-8B54-6E22B3515231}.Release|x86.Build.0 = Release|Any CPU
		{E18FE859-F983-4FC5-A532-AF610B56BD9A}.Debug|Any CPU.ActiveCfg = Debug|Any CPU
		{E18FE859-F983-4FC5-A532-AF610B56BD9A}.Debug|Any CPU.Build.0 = Debug|Any CPU
		{E18FE859-F983-4FC5-A532-AF610B56BD9A}.Debug|x64.ActiveCfg = Debug|Any CPU
		{E18FE859-F983-4FC5-A532-AF610B56BD9A}.Debug|x64.Build.0 = Debug|Any CPU
		{E18FE859-F983-4FC5-A532-AF610B56BD9A}.Debug|x86.ActiveCfg = Debug|Any CPU
		{E18FE859-F983-4FC5-A532-AF610B56BD9A}.Debug|x86.Build.0 = Debug|Any CPU
		{E18FE859-F983-4FC5-A532-AF610B56BD9A}.Release|Any CPU.ActiveCfg = Release|Any CPU
		{E18FE859-F983-4FC5-A532-AF610B56BD9A}.Release|Any CPU.Build.0 = Release|Any CPU
		{E18FE859-F983-4FC5-A532-AF610B56BD9A}.Release|x64.ActiveCfg = Release|Any CPU
		{E18FE859-F983-4FC5-A532-AF610B56BD9A}.Release|x64.Build.0 = Release|Any CPU
		{E18FE859-F983-4FC5-A532-AF610B56BD9A}.Release|x86.ActiveCfg = Release|Any CPU
		{E18FE859-F983-4FC5-A532-AF610B56BD9A}.Release|x86.Build.0 = Release|Any CPU
		{15503FFC-7242-40E3-9B11-AA23F1A5DCDA}.Debug|Any CPU.ActiveCfg = Debug|Any CPU
		{15503FFC-7242-40E3-9B11-AA23F1A5DCDA}.Debug|Any CPU.Build.0 = Debug|Any CPU
		{15503FFC-7242-40E3-9B11-AA23F1A5DCDA}.Debug|x64.ActiveCfg = Debug|Any CPU
		{15503FFC-7242-40E3-9B11-AA23F1A5DCDA}.Debug|x64.Build.0 = Debug|Any CPU
		{15503FFC-7242-40E3-9B11-AA23F1A5DCDA}.Debug|x86.ActiveCfg = Debug|Any CPU
		{15503FFC-7242-40E3-9B11-AA23F1A5DCDA}.Debug|x86.Build.0 = Debug|Any CPU
		{15503FFC-7242-40E3-9B11-AA23F1A5DCDA}.Release|Any CPU.ActiveCfg = Release|Any CPU
		{15503FFC-7242-40E3-9B11-AA23F1A5DCDA}.Release|Any CPU.Build.0 = Release|Any CPU
		{15503FFC-7242-40E3-9B11-AA23F1A5DCDA}.Release|x64.ActiveCfg = Release|Any CPU
		{15503FFC-7242-40E3-9B11-AA23F1A5DCDA}.Release|x64.Build.0 = Release|Any CPU
		{15503FFC-7242-40E3-9B11-AA23F1A5DCDA}.Release|x86.ActiveCfg = Release|Any CPU
		{15503FFC-7242-40E3-9B11-AA23F1A5DCDA}.Release|x86.Build.0 = Release|Any CPU
	EndGlobalSection
	GlobalSection(SolutionProperties) = preSolution
		HideSolutionNode = FALSE
	EndGlobalSection
	GlobalSection(ExtensibilityGlobals) = postSolution
		SolutionGuid = {B7234530-7E65-4909-AF3B-3DA3B601BB22}
	EndGlobalSection
EndGlobal
